// !$*UTF8*$!
{
	archiveVersion = 1;
	classes = {
	};
	objectVersion = 55;
	objects = {

/* Begin PBXBuildFile section */
		AB07FF632854F936003DB6D6 /* FrontEndMentorRatingsApp.swift in Sources */ = {isa = PBXBuildFile; fileRef = AB07FF622854F936003DB6D6 /* FrontEndMentorRatingsApp.swift */; };
		AB07FF652854F936003DB6D6 /* ContentView.swift in Sources */ = {isa = PBXBuildFile; fileRef = AB07FF642854F936003DB6D6 /* ContentView.swift */; };
		AB07FF672854F937003DB6D6 /* Assets.xcassets in Resources */ = {isa = PBXBuildFile; fileRef = AB07FF662854F937003DB6D6 /* Assets.xcassets */; };
		AB07FF6A2854F937003DB6D6 /* Preview Assets.xcassets in Resources */ = {isa = PBXBuildFile; fileRef = AB07FF692854F937003DB6D6 /* Preview Assets.xcassets */; };
		AB07FF732854FA3F003DB6D6 /* style-guide.md in Resources */ = {isa = PBXBuildFile; fileRef = AB07FF722854FA3F003DB6D6 /* style-guide.md */; };
		AB07FF752854FA77003DB6D6 /* ViewModel.swift in Sources */ = {isa = PBXBuildFile; fileRef = AB07FF742854FA77003DB6D6 /* ViewModel.swift */; };
		AB07FF772854FA9E003DB6D6 /* ViewRouter.swift in Sources */ = {isa = PBXBuildFile; fileRef = AB07FF762854FA9E003DB6D6 /* ViewRouter.swift */; };
		AB07FF7A2854FB16003DB6D6 /* RatingView.swift in Sources */ = {isa = PBXBuildFile; fileRef = AB07FF792854FB16003DB6D6 /* RatingView.swift */; };
		AB07FF7C2854FCC8003DB6D6 /* Extensions.swift in Sources */ = {isa = PBXBuildFile; fileRef = AB07FF7B2854FCC8003DB6D6 /* Extensions.swift */; };
		AB07FF7F285500AF003DB6D6 /* Overpass-VariableFont_wght.ttf in Resources */ = {isa = PBXBuildFile; fileRef = AB07FF7E285500AF003DB6D6 /* Overpass-VariableFont_wght.ttf */; };
		AB07FF8128550962003DB6D6 /* icon-star.svg in Resources */ = {isa = PBXBuildFile; fileRef = AB07FF8028550962003DB6D6 /* icon-star.svg */; };
		ABA135BE28552089009BA712 /* CirclesView.swift in Sources */ = {isa = PBXBuildFile; fileRef = ABA135BD28552089009BA712 /* CirclesView.swift */; };
		ABA135C0285535AC009BA712 /* ButtonView.swift in Sources */ = {isa = PBXBuildFile; fileRef = ABA135BF285535AC009BA712 /* ButtonView.swift */; };
		ABA135C228554098009BA712 /* IconCircleView.swift in Sources */ = {isa = PBXBuildFile; fileRef = ABA135C128554098009BA712 /* IconCircleView.swift */; };
		ABA135C5285647E9009BA712 /* ThankYouView.swift in Sources */ = {isa = PBXBuildFile; fileRef = ABA135C4285647E9009BA712 /* ThankYouView.swift */; };
		ABA135C728564845009BA712 /* illustration-thank-you.svg in Resources */ = {isa = PBXBuildFile; fileRef = ABA135C628564845009BA712 /* illustration-thank-you.svg */; };
		ABA135CB285648F5009BA712 /* MainComponentView.swift in Sources */ = {isa = PBXBuildFile; fileRef = ABA135CA285648F5009BA712 /* MainComponentView.swift */; };
		ABA135CD28564CA7009BA712 /* RatingSelectedView.swift in Sources */ = {isa = PBXBuildFile; fileRef = ABA135CC28564CA7009BA712 /* RatingSelectedView.swift */; };
		ABA135D128566D08009BA712 /* ReadMe.swift in Sources */ = {isa = PBXBuildFile; fileRef = ABA135D028566D08009BA712 /* ReadMe.swift */; };
/* End PBXBuildFile section */

/* Begin PBXFileReference section */
		AB07FF5F2854F936003DB6D6 /* FrontEndMentorRatings.app */ = {isa = PBXFileReference; explicitFileType = wrapper.application; includeInIndex = 0; path = FrontEndMentorRatings.app; sourceTree = BUILT_PRODUCTS_DIR; };
		AB07FF622854F936003DB6D6 /* FrontEndMentorRatingsApp.swift */ = {isa = PBXFileReference; lastKnownFileType = sourcecode.swift; path = FrontEndMentorRatingsApp.swift; sourceTree = "<group>"; };
		AB07FF642854F936003DB6D6 /* ContentView.swift */ = {isa = PBXFileReference; lastKnownFileType = sourcecode.swift; path = ContentView.swift; sourceTree = "<group>"; };
		AB07FF662854F937003DB6D6 /* Assets.xcassets */ = {isa = PBXFileReference; lastKnownFileType = folder.assetcatalog; path = Assets.xcassets; sourceTree = "<group>"; };
		AB07FF692854F937003DB6D6 /* Preview Assets.xcassets */ = {isa = PBXFileReference; lastKnownFileType = folder.assetcatalog; path = "Preview Assets.xcassets"; sourceTree = "<group>"; };
		AB07FF722854FA3F003DB6D6 /* style-guide.md */ = {isa = PBXFileReference; fileEncoding = 4; lastKnownFileType = net.daringfireball.markdown; path = "style-guide.md"; sourceTree = "<group>"; };
		AB07FF742854FA77003DB6D6 /* ViewModel.swift */ = {isa = PBXFileReference; lastKnownFileType = sourcecode.swift; path = ViewModel.swift; sourceTree = "<group>"; };
		AB07FF762854FA9E003DB6D6 /* ViewRouter.swift */ = {isa = PBXFileReference; lastKnownFileType = sourcecode.swift; path = ViewRouter.swift; sourceTree = "<group>"; };
		AB07FF792854FB16003DB6D6 /* RatingView.swift */ = {isa = PBXFileReference; lastKnownFileType = sourcecode.swift; path = RatingView.swift; sourceTree = "<group>"; };
		AB07FF7B2854FCC8003DB6D6 /* Extensions.swift */ = {isa = PBXFileReference; lastKnownFileType = sourcecode.swift; path = Extensions.swift; sourceTree = "<group>"; };
		AB07FF7D2855003C003DB6D6 /* Info.plist */ = {isa = PBXFileReference; lastKnownFileType = text.plist; path = Info.plist; sourceTree = "<group>"; };
		AB07FF7E285500AF003DB6D6 /* Overpass-VariableFont_wght.ttf */ = {isa = PBXFileReference; lastKnownFileType = file; path = "Overpass-VariableFont_wght.ttf"; sourceTree = "<group>"; };
		AB07FF8028550962003DB6D6 /* icon-star.svg */ = {isa = PBXFileReference; fileEncoding = 4; lastKnownFileType = text; path = "icon-star.svg"; sourceTree = "<group>"; };
		ABA135BD28552089009BA712 /* CirclesView.swift */ = {isa = PBXFileReference; lastKnownFileType = sourcecode.swift; path = CirclesView.swift; sourceTree = "<group>"; };
		ABA135BF285535AC009BA712 /* ButtonView.swift */ = {isa = PBXFileReference; lastKnownFileType = sourcecode.swift; path = ButtonView.swift; sourceTree = "<group>"; };
		ABA135C128554098009BA712 /* IconCircleView.swift */ = {isa = PBXFileReference; lastKnownFileType = sourcecode.swift; path = IconCircleView.swift; sourceTree = "<group>"; };
		ABA135C4285647E9009BA712 /* ThankYouView.swift */ = {isa = PBXFileReference; lastKnownFileType = sourcecode.swift; path = ThankYouView.swift; sourceTree = "<group>"; };
		ABA135C628564845009BA712 /* illustration-thank-you.svg */ = {isa = PBXFileReference; fileEncoding = 4; lastKnownFileType = text; path = "illustration-thank-you.svg"; sourceTree = "<group>"; };
		ABA135CA285648F5009BA712 /* MainComponentView.swift */ = {isa = PBXFileReference; lastKnownFileType = sourcecode.swift; path = MainComponentView.swift; sourceTree = "<group>"; };
		ABA135CC28564CA7009BA712 /* RatingSelectedView.swift */ = {isa = PBXFileReference; lastKnownFileType = sourcecode.swift; path = RatingSelectedView.swift; sourceTree = "<group>"; };
		ABA135D028566D08009BA712 /* ReadMe.swift */ = {isa = PBXFileReference; lastKnownFileType = sourcecode.swift; path = ReadMe.swift; sourceTree = "<group>"; };
/* End PBXFileReference section */

/* Begin PBXFrameworksBuildPhase section */
		AB07FF5C2854F936003DB6D6 /* Frameworks */ = {
			isa = PBXFrameworksBuildPhase;
			buildActionMask = 2147483647;
			files = (
			);
			runOnlyForDeploymentPostprocessing = 0;
		};
/* End PBXFrameworksBuildPhase section */

/* Begin PBXGroup section */
		AB07FF562854F936003DB6D6 = {
			isa = PBXGroup;
			children = (
				AB07FF612854F936003DB6D6 /* FrontEndMentorRatings */,
				AB07FF602854F936003DB6D6 /* Products */,
			);
			sourceTree = "<group>";
		};
		AB07FF602854F936003DB6D6 /* Products */ = {
			isa = PBXGroup;
			children = (
				AB07FF5F2854F936003DB6D6 /* FrontEndMentorRatings.app */,
			);
			name = Products;
			sourceTree = "<group>";
		};
		AB07FF612854F936003DB6D6 /* FrontEndMentorRatings */ = {
			isa = PBXGroup;
			children = (
				AB07FF622854F936003DB6D6 /* FrontEndMentorRatingsApp.swift */,
				ABA135D028566D08009BA712 /* ReadMe.swift */,
				AB07FF642854F936003DB6D6 /* ContentView.swift */,
				AB07FF782854FAFF003DB6D6 /* RatingPage */,
				ABA135C3285647CB009BA712 /* ThankYouPage */,
				AB07FF682854F937003DB6D6 /* Preview Content */,
				AB07FF742854FA77003DB6D6 /* ViewModel.swift */,
				AB07FF762854FA9E003DB6D6 /* ViewRouter.swift */,
				AB07FF7B2854FCC8003DB6D6 /* Extensions.swift */,
				AB07FF7E285500AF003DB6D6 /* Overpass-VariableFont_wght.ttf */,
				AB07FF8028550962003DB6D6 /* icon-star.svg */,
				ABA135C628564845009BA712 /* illustration-thank-you.svg */,
				AB07FF7D2855003C003DB6D6 /* Info.plist */,
				AB07FF662854F937003DB6D6 /* Assets.xcassets */,
			);
			path = FrontEndMentorRatings;
			sourceTree = "<group>";
		};
		AB07FF682854F937003DB6D6 /* Preview Content */ = {
			isa = PBXGroup;
			children = (
				AB07FF692854F937003DB6D6 /* Preview Assets.xcassets */,
				AB07FF722854FA3F003DB6D6 /* style-guide.md */,
			);
			path = "Preview Content";
			sourceTree = "<group>";
		};
		AB07FF782854FAFF003DB6D6 /* RatingPage */ = {
			isa = PBXGroup;
			children = (
				AB07FF792854FB16003DB6D6 /* RatingView.swift */,
				ABA135BD28552089009BA712 /* CirclesView.swift */,
				ABA135BF285535AC009BA712 /* ButtonView.swift */,
				ABA135C128554098009BA712 /* IconCircleView.swift */,
				ABA135CA285648F5009BA712 /* MainComponentView.swift */,
			);
			path = RatingPage;
			sourceTree = "<group>";
		};
		ABA135C3285647CB009BA712 /* ThankYouPage */ = {
			isa = PBXGroup;
			children = (
				ABA135C4285647E9009BA712 /* ThankYouView.swift */,
				ABA135CC28564CA7009BA712 /* RatingSelectedView.swift */,
			);
			path = ThankYouPage;
			sourceTree = "<group>";
		};
/* End PBXGroup section */

/* Begin PBXNativeTarget section */
		AB07FF5E2854F936003DB6D6 /* FrontEndMentorRatings */ = {
			isa = PBXNativeTarget;
			buildConfigurationList = AB07FF6D2854F937003DB6D6 /* Build configuration list for PBXNativeTarget "FrontEndMentorRatings" */;
			buildPhases = (
				AB07FF5B2854F936003DB6D6 /* Sources */,
				AB07FF5C2854F936003DB6D6 /* Frameworks */,
				AB07FF5D2854F936003DB6D6 /* Resources */,
			);
			buildRules = (
			);
			dependencies = (
			);
			name = FrontEndMentorRatings;
			productName = FrontEndMentorRatings;
			productReference = AB07FF5F2854F936003DB6D6 /* FrontEndMentorRatings.app */;
			productType = "com.apple.product-type.application";
		};
/* End PBXNativeTarget section */

/* Begin PBXProject section */
		AB07FF572854F936003DB6D6 /* Project object */ = {
			isa = PBXProject;
			attributes = {
				BuildIndependentTargetsInParallel = 1;
				LastSwiftUpdateCheck = 1340;
				LastUpgradeCheck = 1340;
				TargetAttributes = {
					AB07FF5E2854F936003DB6D6 = {
						CreatedOnToolsVersion = 13.4.1;
					};
				};
			};
			buildConfigurationList = AB07FF5A2854F936003DB6D6 /* Build configuration list for PBXProject "FrontEndMentorRatings" */;
			compatibilityVersion = "Xcode 13.0";
			developmentRegion = en;
			hasScannedForEncodings = 0;
			knownRegions = (
				en,
				Base,
			);
			mainGroup = AB07FF562854F936003DB6D6;
			productRefGroup = AB07FF602854F936003DB6D6 /* Products */;
			projectDirPath = "";
			projectRoot = "";
			targets = (
				AB07FF5E2854F936003DB6D6 /* FrontEndMentorRatings */,
			);
		};
/* End PBXProject section */

/* Begin PBXResourcesBuildPhase section */
		AB07FF5D2854F936003DB6D6 /* Resources */ = {
			isa = PBXResourcesBuildPhase;
			buildActionMask = 2147483647;
			files = (
				AB07FF7F285500AF003DB6D6 /* Overpass-VariableFont_wght.ttf in Resources */,
				AB07FF732854FA3F003DB6D6 /* style-guide.md in Resources */,
				AB07FF6A2854F937003DB6D6 /* Preview Assets.xcassets in Resources */,
				ABA135C728564845009BA712 /* illustration-thank-you.svg in Resources */,
				AB07FF672854F937003DB6D6 /* Assets.xcassets in Resources */,
				AB07FF8128550962003DB6D6 /* icon-star.svg in Resources */,
			);
			runOnlyForDeploymentPostprocessing = 0;
		};
/* End PBXResourcesBuildPhase section */

/* Begin PBXSourcesBuildPhase section */
		AB07FF5B2854F936003DB6D6 /* Sources */ = {
			isa = PBXSourcesBuildPhase;
			buildActionMask = 2147483647;
			files = (
				ABA135CD28564CA7009BA712 /* RatingSelectedView.swift in Sources */,
				AB07FF652854F936003DB6D6 /* ContentView.swift in Sources */,
				AB07FF7C2854FCC8003DB6D6 /* Extensions.swift in Sources */,
				ABA135D128566D08009BA712 /* ReadMe.swift in Sources */,
				ABA135C0285535AC009BA712 /* ButtonView.swift in Sources */,
				AB07FF752854FA77003DB6D6 /* ViewModel.swift in Sources */,
				AB07FF632854F936003DB6D6 /* FrontEndMentorRatingsApp.swift in Sources */,
				ABA135C228554098009BA712 /* IconCircleView.swift in Sources */,
				ABA135BE28552089009BA712 /* CirclesView.swift in Sources */,
				AB07FF7A2854FB16003DB6D6 /* RatingView.swift in Sources */,
				AB07FF772854FA9E003DB6D6 /* ViewRouter.swift in Sources */,
				ABA135C5285647E9009BA712 /* ThankYouView.swift in Sources */,
				ABA135CB285648F5009BA712 /* MainComponentView.swift in Sources */,
			);
			runOnlyForDeploymentPostprocessing = 0;
		};
/* End PBXSourcesBuildPhase section */

/* Begin XCBuildConfiguration section */
		AB07FF6B2854F937003DB6D6 /* Debug */ = {
			isa = XCBuildConfiguration;
			buildSettings = {
				ALWAYS_SEARCH_USER_PATHS = NO;
				CLANG_ANALYZER_NONNULL = YES;
				CLANG_ANALYZER_NUMBER_OBJECT_CONVERSION = YES_AGGRESSIVE;
				CLANG_CXX_LANGUAGE_STANDARD = "gnu++17";
				CLANG_ENABLE_MODULES = YES;
				CLANG_ENABLE_OBJC_ARC = YES;
				CLANG_ENABLE_OBJC_WEAK = YES;
				CLANG_WARN_BLOCK_CAPTURE_AUTORELEASING = YES;
				CLANG_WARN_BOOL_CONVERSION = YES;
				CLANG_WARN_COMMA = YES;
				CLANG_WARN_CONSTANT_CONVERSION = YES;
				CLANG_WARN_DEPRECATED_OBJC_IMPLEMENTATIONS = YES;
				CLANG_WARN_DIRECT_OBJC_ISA_USAGE = YES_ERROR;
				CLANG_WARN_DOCUMENTATION_COMMENTS = YES;
				CLANG_WARN_EMPTY_BODY = YES;
				CLANG_WARN_ENUM_CONVERSION = YES;
				CLANG_WARN_INFINITE_RECURSION = YES;
				CLANG_WARN_INT_CONVERSION = YES;
				CLANG_WARN_NON_LITERAL_NULL_CONVERSION = YES;
				CLANG_WARN_OBJC_IMPLICIT_RETAIN_SELF = YES;
				CLANG_WARN_OBJC_LITERAL_CONVERSION = YES;
				CLANG_WARN_OBJC_ROOT_CLASS = YES_ERROR;
				CLANG_WARN_QUOTED_INCLUDE_IN_FRAMEWORK_HEADER = YES;
				CLANG_WARN_RANGE_LOOP_ANALYSIS = YES;
				CLANG_WARN_STRICT_PROTOTYPES = YES;
				CLANG_WARN_SUSPICIOUS_MOVE = YES;
				CLANG_WARN_UNGUARDED_AVAILABILITY = YES_AGGRESSIVE;
				CLANG_WARN_UNREACHABLE_CODE = YES;
				CLANG_WARN__DUPLICATE_METHOD_MATCH = YES;
				COPY_PHASE_STRIP = NO;
				DEBUG_INFORMATION_FORMAT = dwarf;
				ENABLE_STRICT_OBJC_MSGSEND = YES;
				ENABLE_TESTABILITY = YES;
				GCC_C_LANGUAGE_STANDARD = gnu11;
				GCC_DYNAMIC_NO_PIC = NO;
				GCC_NO_COMMON_BLOCKS = YES;
				GCC_OPTIMIZATION_LEVEL = 0;
				GCC_PREPROCESSOR_DEFINITIONS = (
					"DEBUG=1",
					"$(inherited)",
				);
				GCC_WARN_64_TO_32_BIT_CONVERSION = YES;
				GCC_WARN_ABOUT_RETURN_TYPE = YES_ERROR;
				GCC_WARN_UNDECLARED_SELECTOR = YES;
				GCC_WARN_UNINITIALIZED_AUTOS = YES_AGGRESSIVE;
				GCC_WARN_UNUSED_FUNCTION = YES;
				GCC_WARN_UNUSED_VARIABLE = YES;
				IPHONEOS_DEPLOYMENT_TARGET = 15.5;
				MTL_ENABLE_DEBUG_INFO = INCLUDE_SOURCE;
				MTL_FAST_MATH = YES;
				ONLY_ACTIVE_ARCH = YES;
				SDKROOT = iphoneos;
				SWIFT_ACTIVE_COMPILATION_CONDITIONS = DEBUG;
				SWIFT_OPTIMIZATION_LEVEL = "-Onone";
			};
			name = Debug;
		};
		AB07FF6C2854F937003DB6D6 /* Release */ = {
			isa = XCBuildConfiguration;
			buildSettings = {
				ALWAYS_SEARCH_USER_PATHS = NO;
				CLANG_ANALYZER_NONNULL = YES;
				CLANG_ANALYZER_NUMBER_OBJECT_CONVERSION = YES_AGGRESSIVE;
				CLANG_CXX_LANGUAGE_STANDARD = "gnu++17";
				CLANG_ENABLE_MODULES = YES;
				CLANG_ENABLE_OBJC_ARC = YES;
				CLANG_ENABLE_OBJC_WEAK = YES;
				CLANG_WARN_BLOCK_CAPTURE_AUTORELEASING = YES;
				CLANG_WARN_BOOL_CONVERSION = YES;
				CLANG_WARN_COMMA = YES;
				CLANG_WARN_CONSTANT_CONVERSION = YES;
				CLANG_WARN_DEPRECATED_OBJC_IMPLEMENTATIONS = YES;
				CLANG_WARN_DIRECT_OBJC_ISA_USAGE = YES_ERROR;
				CLANG_WARN_DOCUMENTATION_COMMENTS = YES;
				CLANG_WARN_EMPTY_BODY = YES;
				CLANG_WARN_ENUM_CONVERSION = YES;
				CLANG_WARN_INFINITE_RECURSION = YES;
				CLANG_WARN_INT_CONVERSION = YES;
				CLANG_WARN_NON_LITERAL_NULL_CONVERSION = YES;
				CLANG_WARN_OBJC_IMPLICIT_RETAIN_SELF = YES;
				CLANG_WARN_OBJC_LITERAL_CONVERSION = YES;
				CLANG_WARN_OBJC_ROOT_CLASS = YES_ERROR;
				CLANG_WARN_QUOTED_INCLUDE_IN_FRAMEWORK_HEADER = YES;
				CLANG_WARN_RANGE_LOOP_ANALYSIS = YES;
				CLANG_WARN_STRICT_PROTOTYPES = YES;
				CLANG_WARN_SUSPICIOUS_MOVE = YES;
				CLANG_WARN_UNGUARDED_AVAILABILITY = YES_AGGRESSIVE;
				CLANG_WARN_UNREACHABLE_CODE = YES;
				CLANG_WARN__DUPLICATE_METHOD_MATCH = YES;
				COPY_PHASE_STRIP = NO;
				DEBUG_INFORMATION_FORMAT = "dwarf-with-dsym";
				ENABLE_NS_ASSERTIONS = NO;
				ENABLE_STRICT_OBJC_MSGSEND = YES;
				GCC_C_LANGUAGE_STANDARD = gnu11;
				GCC_NO_COMMON_BLOCKS = YES;
				GCC_WARN_64_TO_32_BIT_CONVERSION = YES;
				GCC_WARN_ABOUT_RETURN_TYPE = YES_ERROR;
				GCC_WARN_UNDECLARED_SELECTOR = YES;
				GCC_WARN_UNINITIALIZED_AUTOS = YES_AGGRESSIVE;
				GCC_WARN_UNUSED_FUNCTION = YES;
				GCC_WARN_UNUSED_VARIABLE = YES;
				IPHONEOS_DEPLOYMENT_TARGET = 15.5;
				MTL_ENABLE_DEBUG_INFO = NO;
				MTL_FAST_MATH = YES;
				SDKROOT = iphoneos;
				SWIFT_COMPILATION_MODE = wholemodule;
				SWIFT_OPTIMIZATION_LEVEL = "-O";
				VALIDATE_PRODUCT = YES;
			};
			name = Release;
		};
		AB07FF6E2854F937003DB6D6 /* Debug */ = {
			isa = XCBuildConfiguration;
			buildSettings = {
				ASSETCATALOG_COMPILER_APPICON_NAME = AppIcon;
				ASSETCATALOG_COMPILER_GLOBAL_ACCENT_COLOR_NAME = AccentColor;
				CODE_SIGN_STYLE = Automatic;
				CURRENT_PROJECT_VERSION = 1;
				DEVELOPMENT_ASSET_PATHS = "\"FrontEndMentorRatings/Preview Content\"";
				DEVELOPMENT_TEAM = 25MBFXXLA7;
				ENABLE_PREVIEWS = YES;
				GENERATE_INFOPLIST_FILE = YES;
				INFOPLIST_FILE = FrontEndMentorRatings/Info.plist;
				INFOPLIST_KEY_LSApplicationCategoryType = "Overpass-VariableFont_wght.tff";
				INFOPLIST_KEY_UIApplicationSceneManifest_Generation = YES;
				INFOPLIST_KEY_UIApplicationSupportsIndirectInputEvents = YES;
				INFOPLIST_KEY_UILaunchScreen_Generation = YES;
				INFOPLIST_KEY_UISupportedInterfaceOrientations = "UIInterfaceOrientationPortrait UIInterfaceOrientationPortraitUpsideDown UIInterfaceOrientationLandscapeLeft UIInterfaceOrientationLandscapeRight";
				INFOPLIST_KEY_UISupportedInterfaceOrientations_iPad = "UIInterfaceOrientationPortrait UIInterfaceOrientationPortraitUpsideDown UIInterfaceOrientationLandscapeLeft UIInterfaceOrientationLandscapeRight";
				INFOPLIST_KEY_UISupportedInterfaceOrientations_iPhone = "UIInterfaceOrientationPortrait UIInterfaceOrientationLandscapeLeft UIInterfaceOrientationLandscapeRight";
				LD_RUNPATH_SEARCH_PATHS = (
					"$(inherited)",
					"@executable_path/Frameworks",
				);
				MARKETING_VERSION = 1.0;
				PRODUCT_BUNDLE_IDENTIFIER = co.rar.FrontEndMentorRatings;
				PRODUCT_NAME = "$(TARGET_NAME)";
				SWIFT_EMIT_LOC_STRINGS = YES;
				SWIFT_VERSION = 5.0;
				TARGETED_DEVICE_FAMILY = "1,2";
			};
			name = Debug;
		};
		AB07FF6F2854F937003DB6D6 /* Release */ = {
			isa = XCBuildConfiguration;
			buildSettings = {
				ASSETCATALOG_COMPILER_APPICON_NAME = AppIcon;
				ASSETCATALOG_COMPILER_GLOBAL_ACCENT_COLOR_NAME = AccentColor;
				CODE_SIGN_STYLE = Automatic;
				CURRENT_PROJECT_VERSION = 1;
				DEVELOPMENT_ASSET_PATHS = "\"FrontEndMentorRatings/Preview Content\"";
				DEVELOPMENT_TEAM = 25MBFXXLA7;
				ENABLE_PREVIEWS = YES;
				GENERATE_INFOPLIST_FILE = YES;
				INFOPLIST_FILE = FrontEndMentorRatings/Info.plist;
				INFOPLIST_KEY_LSApplicationCategoryType = "Overpass-VariableFont_wght.tff";
				INFOPLIST_KEY_UIApplicationSceneManifest_Generation = YES;
				INFOPLIST_KEY_UIApplicationSupportsIndirectInputEvents = YES;
				INFOPLIST_KEY_UILaunchScreen_Generation = YES;
				INFOPLIST_KEY_UISupportedInterfaceOrientations = "UIInterfaceOrientationPortrait UIInterfaceOrientationPortraitUpsideDown UIInterfaceOrientationLandscapeLeft UIInterfaceOrientationLandscapeRight";
				INFOPLIST_KEY_UISupportedInterfaceOrientations_iPad = "UIInterfaceOrientationPortrait UIInterfaceOrientationPortraitUpsideDown UIInterfaceOrientationLandscapeLeft UIInterfaceOrientationLandscapeRight";
				INFOPLIST_KEY_UISupportedInterfaceOrientations_iPhone = "UIInterfaceOrientationPortrait UIInterfaceOrientationLandscapeLeft UIInterfaceOrientationLandscapeRight";
				LD_RUNPATH_SEARCH_PATHS = (
					"$(inherited)",
					"@executable_path/Frameworks",
				);
				MARKETING_VERSION = 1.0;
				PRODUCT_BUNDLE_IDENTIFIER = co.rar.FrontEndMentorRatings;
				PRODUCT_NAME = "$(TARGET_NAME)";
				SWIFT_EMIT_LOC_STRINGS = YES;
				SWIFT_VERSION = 5.0;
				TARGETED_DEVICE_FAMILY = "1,2";
			};
			name = Release;
		};
/* End XCBuildConfiguration section */

/* Begin XCConfigurationList section */
		AB07FF5A2854F936003DB6D6 /* Build configuration list for PBXProject "FrontEndMentorRatings" */ = {
			isa = XCConfigurationList;
			buildConfigurations = (
				AB07FF6B2854F937003DB6D6 /* Debug */,
				AB07FF6C2854F937003DB6D6 /* Release */,
			);
			defaultConfigurationIsVisible = 0;
			defaultConfigurationName = Release;
		};
		AB07FF6D2854F937003DB6D6 /* Build configuration list for PBXNativeTarget "FrontEndMentorRatings" */ = {
			isa = XCConfigurationList;
			buildConfigurations = (
				AB07FF6E2854F937003DB6D6 /* Debug */,
				AB07FF6F2854F937003DB6D6 /* Release */,
			);
			defaultConfigurationIsVisible = 0;
			defaultConfigurationName = Release;
		};
/* End XCConfigurationList section */
	};
	rootObject = AB07FF572854F936003DB6D6 /* Project object */;
}
